# THIS IS AN AUTOGENERATED FILE. DO NOT EDIT THIS FILE DIRECTLY.
assets/app.js:
  development: 2017-09-26T15:56:02-04:00   a828e8b2e401b7f0222c8f27ba01adb5
assets/style.scss.liquid:
  development: 2017-09-26T16:31:53-04:00   816f3cec99f35ec5514c114f3a20a437
layout/theme.liquid:
  development: 2017-09-26T13:59:48-04:00   59e26ddce1a42ab33468a64899c333af
sections/color-manager.liquid:
  development: 2017-09-26T17:46:21-04:00   115733e9bee71f148728318e1560817f
snippets/color-link-markup.liquid:
  development: 2017-09-26T17:32:08-04:00   d528f25e2903e6a333c951b768b2db54
snippets/color-set-variables.liquid:
  development: 2017-09-26T17:33:21-04:00   69c3bc2acf2b9a73802903a46d62dcfc
snippets/head.liquid:
  development: 2017-09-26T15:34:43-04:00   9bd3bc3008831b7948ffd003ef082816
templates/collection.liquid:
  development: 2017-09-26T16:05:09-04:00   7dd940d4b32fe68c297b88d18f6cf000
templates/product.liquid:
  development: 2017-09-26T16:21:38-04:00   3ca8ac5221ffa76b53198ffb2a427070
